
Microsoft Visual Studio Solution File, Format Version 12.00
# Visual Studio 15
VisualStudioVersion = 15.0.27130.2020
MinimumVisualStudioVersion = 10.0.40219.1
Project("{FAE04EC0-301F-11D3-BF4B-00C04F79EFBC}") = "PackageBuilder", "PackageBuilder.csproj", "{C1E1EEFF-3359-40C1-B05B-F88D3E4B35AA}"
EndProject
Global
	GlobalSection(SolutionConfigurationPlatforms) = preSolution
		Debug|Any CPU = Debug|Any CPU
		Release|Any CPU = Release|Any CPU
	EndGlobalSection
	GlobalSection(ProjectConfigurationPlatforms) = postSolution
		{C1E1EEFF-3359-40C1-B05B-F88D3E4B35AA}.Debug|Any CPU.ActiveCfg = Debug|Any CPU
		{C1E1EEFF-3359-40C1-B05B-F88D3E4B35AA}.Debug|Any CPU.Build.0 = Debug|Any CPU
		{C1E1EEFF-3359-40C1-B05B-F88D3E4B35AA}.Release|Any CPU.ActiveCfg = Release|Any CPU
		{C1E1EEFF-3359-40C1-B05B-F88D3E4B35AA}.Release|Any CPU.Build.0 = Release|Any CPU
	EndGlobalSection
	GlobalSection(SolutionProperties) = preSolution
		HideSolutionNode = FALSE
	EndGlobalSection
	GlobalSection(ExtensibilityGlobals) = postSolution
		SolutionGuid = {5928DE8D-358A-4B17-9311-2023CAB897A4}
	EndGlobalSection
EndGlobal
